
Microsoft Visual Studio Solution File, Format Version 11.00
# Visual Basic Express 2010
Project("{F184B08F-C81C-45F6-A57F-5ABD9991F28F}") = "ccbyhmd", "ccbyhmd\ccbyhmd.vbproj", "{FD3D1CA3-0F49-4B65-880C-EB850B957CAF}"
EndProject
Global
	GlobalSection(SolutionConfigurationPlatforms) = preSolution
		Debug|x86 = Debug|x86
		Release|x86 = Release|x86
	EndGlobalSection
	GlobalSection(ProjectConfigurationPlatforms) = postSolution
		{FD3D1CA3-0F49-4B65-880C-EB850B957CAF}.Debug|x86.ActiveCfg = Debug|x86
		{FD3D1CA3-0F49-4B65-880C-EB850B957CAF}.Debug|x86.Build.0 = Debug|x86
		{FD3D1CA3-0F49-4B65-880C-EB850B957CAF}.Release|x86.ActiveCfg = Release|x86
		{FD3D1CA3-0F49-4B65-880C-EB850B957CAF}.Release|x86.Build.0 = Release|x86
	EndGlobalSection
	GlobalSection(SolutionProperties) = preSolution
		HideSolutionNode = FALSE
	EndGlobalSection
EndGlobal
